
Microsoft Visual Studio Solution File, Format Version 12.00
# Visual Studio Version 17
VisualStudioVersion = 17.14.36202.13 d17.14
MinimumVisualStudioVersion = 10.0.40219.1
Project("{2150E333-8FDC-42A3-9474-1A3956D46DE8}") = "core", "core", "{E6804802-3416-4223-92CD-12B350ADCBF6}"
EndProject
Project("{FAE04EC0-301F-11D3-BF4B-00C04F79EFBC}") = "Wemogy.CQRS", "core\Wemogy.CQRS\Wemogy.CQRS.csproj", "{AFAE7B9D-A464-408B-B3F7-40BCA0F5FA11}"
EndProject
Project("{FAE04EC0-301F-11D3-BF4B-00C04F79EFBC}") = "Wemogy.CQRS.UnitTests", "core\Wemogy.CQRS.UnitTests\Wemogy.CQRS.UnitTests.csproj", "{54845A61-CB13-4B26-82E2-45AFEC4836D4}"
EndProject
Project("{2150E333-8FDC-42A3-9474-1A3956D46DE8}") = "extensions", "extensions", "{A42B1288-6E03-4461-89AF-992C53858FCE}"
EndProject
Project("{2150E333-8FDC-42A3-9474-1A3956D46DE8}") = "database", "database", "{DC4B4FAD-C380-4F1E-9916-01D72C086112}"
EndProject
Project("{FAE04EC0-301F-11D3-BF4B-00C04F79EFBC}") = "Wemogy.CQRS.Extensions.Database", "extensions\database\Wemogy.CQRS.Extensions.Database\Wemogy.CQRS.Extensions.Database.csproj", "{EE542E0A-21AE-4944-A355-25AC6C2D8652}"
EndProject
Project("{FAE04EC0-301F-11D3-BF4B-00C04F79EFBC}") = "Wemogy.CQRS.Extensions.Database.UnitTests", "extensions\database\Wemogy.CQRS.Extensions.Database.UnitTests\Wemogy.CQRS.Extensions.Database.UnitTests.csproj", "{AACF455B-C8CB-4033-BA3B-F0C87326835C}"
EndProject
Project("{2150E333-8FDC-42A3-9474-1A3956D46DE8}") = "azureServiceBus", "azureServiceBus", "{86B10300-5C83-4584-9A0D-4AD83B329F42}"
EndProject
Project("{FAE04EC0-301F-11D3-BF4B-00C04F79EFBC}") = "Wemogy.CQRS.Extensions.AzureServiceBus", "extensions\azureServiceBus\Wemogy.CQRS.Extensions.AzureServiceBus\Wemogy.CQRS.Extensions.AzureServiceBus.csproj", "{72D23525-0519-4655-8BC5-E9158CD27E10}"
EndProject
Project("{FAE04EC0-301F-11D3-BF4B-00C04F79EFBC}") = "Wemogy.CQRS.Extensions.AzureServiceBus.UnitTests", "extensions\azureServiceBus\Wemogy.CQRS.Extensions.AzureServiceBus.UnitTests\Wemogy.CQRS.Extensions.AzureServiceBus.UnitTests.csproj", "{9F66FFF6-E802-4495-AAD8-5199FF7BACB2}"
EndProject
Project("{FAE04EC0-301F-11D3-BF4B-00C04F79EFBC}") = "Wemogy.CQRS.UnitTests.AssemblyA", "core\Wemogy.CQRS.UnitTests.AssemblyA\Wemogy.CQRS.UnitTests.AssemblyA.csproj", "{3475DA24-0233-4B56-BE6A-3A5CA3B6010A}"
EndProject
Project("{2150E333-8FDC-42A3-9474-1A3956D46DE8}") = "fastEndpoints", "fastEndpoints", "{2F0AC891-A63E-4467-ADE4-73251BB8AF59}"
EndProject
Project("{FAE04EC0-301F-11D3-BF4B-00C04F79EFBC}") = "Wemogy.CQRS.Extensions.FastEndpoints", "extensions\fastEndpoints\Wemogy.CQRS.Extensions.FastEndpoints\Wemogy.CQRS.Extensions.FastEndpoints.csproj", "{143DE5FA-114E-46D4-B9B9-11B57FB3546C}"
EndProject
Project("{FAE04EC0-301F-11D3-BF4B-00C04F79EFBC}") = "Wemogy.CQRS.Extensions.FastEndpoints.UnitTests", "extensions\fastEndpoints\Wemogy.CQRS.Extensions.FastEndpoints.UnitTests\Wemogy.CQRS.Extensions.FastEndpoints.UnitTests.csproj", "{4F113940-017F-4468-ACCD-AF3781B98BA1}"
EndProject
Project("{FAE04EC0-301F-11D3-BF4B-00C04F79EFBC}") = "Wemogy.CQRS.Extensions.FastEndpoints.TestWebApp", "extensions\fastEndpoints\Wemogy.CQRS.Extensions.FastEndpoints.TestWebApp\Wemogy.CQRS.Extensions.FastEndpoints.TestWebApp.csproj", "{119E0731-0006-403D-B6EB-07917562FD81}"
EndProject
Project("{FAE04EC0-301F-11D3-BF4B-00C04F79EFBC}") = "Wemogy.CQRS.UnitTests.AssemblyB", "core\Wemogy.CQRS.UnitTests.AssemblyB\Wemogy.CQRS.UnitTests.AssemblyB.csproj", "{D7B4C2FD-50BB-4DEE-AC8C-4FCCC4685CD4}"
EndProject
Global
  GlobalSection(SolutionConfigurationPlatforms) = preSolution
    Debug|Any CPU = Debug|Any CPU
    Release|Any CPU = Release|Any CPU
  EndGlobalSection
  GlobalSection(ProjectConfigurationPlatforms) = postSolution
    {AFAE7B9D-A464-408B-B3F7-40BCA0F5FA11}.Debug|Any CPU.ActiveCfg = Debug|Any CPU
    {AFAE7B9D-A464-408B-B3F7-40BCA0F5FA11}.Debug|Any CPU.Build.0 = Debug|Any CPU
    {AFAE7B9D-A464-408B-B3F7-40BCA0F5FA11}.Release|Any CPU.ActiveCfg = Release|Any CPU
    {AFAE7B9D-A464-408B-B3F7-40BCA0F5FA11}.Release|Any CPU.Build.0 = Release|Any CPU
    {54845A61-CB13-4B26-82E2-45AFEC4836D4}.Debug|Any CPU.ActiveCfg = Debug|Any CPU
    {54845A61-CB13-4B26-82E2-45AFEC4836D4}.Debug|Any CPU.Build.0 = Debug|Any CPU
    {54845A61-CB13-4B26-82E2-45AFEC4836D4}.Release|Any CPU.ActiveCfg = Release|Any CPU
    {54845A61-CB13-4B26-82E2-45AFEC4836D4}.Release|Any CPU.Build.0 = Release|Any CPU
    {EE542E0A-21AE-4944-A355-25AC6C2D8652}.Debug|Any CPU.ActiveCfg = Debug|Any CPU
    {EE542E0A-21AE-4944-A355-25AC6C2D8652}.Debug|Any CPU.Build.0 = Debug|Any CPU
    {EE542E0A-21AE-4944-A355-25AC6C2D8652}.Release|Any CPU.ActiveCfg = Release|Any CPU
    {EE542E0A-21AE-4944-A355-25AC6C2D8652}.Release|Any CPU.Build.0 = Release|Any CPU
    {AACF455B-C8CB-4033-BA3B-F0C87326835C}.Debug|Any CPU.ActiveCfg = Debug|Any CPU
    {AACF455B-C8CB-4033-BA3B-F0C87326835C}.Debug|Any CPU.Build.0 = Debug|Any CPU
    {AACF455B-C8CB-4033-BA3B-F0C87326835C}.Release|Any CPU.ActiveCfg = Release|Any CPU
    {AACF455B-C8CB-4033-BA3B-F0C87326835C}.Release|Any CPU.Build.0 = Release|Any CPU
    {72D23525-0519-4655-8BC5-E9158CD27E10}.Debug|Any CPU.ActiveCfg = Debug|Any CPU
    {72D23525-0519-4655-8BC5-E9158CD27E10}.Debug|Any CPU.Build.0 = Debug|Any CPU
    {72D23525-0519-4655-8BC5-E9158CD27E10}.Release|Any CPU.ActiveCfg = Release|Any CPU
    {72D23525-0519-4655-8BC5-E9158CD27E10}.Release|Any CPU.Build.0 = Release|Any CPU
    {9F66FFF6-E802-4495-AAD8-5199FF7BACB2}.Debug|Any CPU.ActiveCfg = Debug|Any CPU
    {9F66FFF6-E802-4495-AAD8-5199FF7BACB2}.Debug|Any CPU.Build.0 = Debug|Any CPU
    {9F66FFF6-E802-4495-AAD8-5199FF7BACB2}.Release|Any CPU.ActiveCfg = Release|Any CPU
    {9F66FFF6-E802-4495-AAD8-5199FF7BACB2}.Release|Any CPU.Build.0 = Release|Any CPU
    {3475DA24-0233-4B56-BE6A-3A5CA3B6010A}.Debug|Any CPU.ActiveCfg = Debug|Any CPU
    {3475DA24-0233-4B56-BE6A-3A5CA3B6010A}.Debug|Any CPU.Build.0 = Debug|Any CPU
    {3475DA24-0233-4B56-BE6A-3A5CA3B6010A}.Release|Any CPU.ActiveCfg = Release|Any CPU
    {3475DA24-0233-4B56-BE6A-3A5CA3B6010A}.Release|Any CPU.Build.0 = Release|Any CPU
    {143DE5FA-114E-46D4-B9B9-11B57FB3546C}.Debug|Any CPU.ActiveCfg = Debug|Any CPU
    {143DE5FA-114E-46D4-B9B9-11B57FB3546C}.Debug|Any CPU.Build.0 = Debug|Any CPU
    {143DE5FA-114E-46D4-B9B9-11B57FB3546C}.Release|Any CPU.ActiveCfg = Release|Any CPU
    {143DE5FA-114E-46D4-B9B9-11B57FB3546C}.Release|Any CPU.Build.0 = Release|Any CPU
    {4F113940-017F-4468-ACCD-AF3781B98BA1}.Debug|Any CPU.ActiveCfg = Debug|Any CPU
    {4F113940-017F-4468-ACCD-AF3781B98BA1}.Debug|Any CPU.Build.0 = Debug|Any CPU
    {4F113940-017F-4468-ACCD-AF3781B98BA1}.Release|Any CPU.ActiveCfg = Release|Any CPU
    {4F113940-017F-4468-ACCD-AF3781B98BA1}.Release|Any CPU.Build.0 = Release|Any CPU
    {119E0731-0006-403D-B6EB-07917562FD81}.Debug|Any CPU.ActiveCfg = Debug|Any CPU
    {119E0731-0006-403D-B6EB-07917562FD81}.Debug|Any CPU.Build.0 = Debug|Any CPU
    {119E0731-0006-403D-B6EB-07917562FD81}.Release|Any CPU.ActiveCfg = Release|Any CPU
    {119E0731-0006-403D-B6EB-07917562FD81}.Release|Any CPU.Build.0 = Release|Any CPU
    {D7B4C2FD-50BB-4DEE-AC8C-4FCCC4685CD4}.Debug|Any CPU.ActiveCfg = Debug|Any CPU
    {D7B4C2FD-50BB-4DEE-AC8C-4FCCC4685CD4}.Debug|Any CPU.Build.0 = Debug|Any CPU
    {D7B4C2FD-50BB-4DEE-AC8C-4FCCC4685CD4}.Release|Any CPU.ActiveCfg = Release|Any CPU
    {D7B4C2FD-50BB-4DEE-AC8C-4FCCC4685CD4}.Release|Any CPU.Build.0 = Release|Any CPU
  EndGlobalSection
  GlobalSection(SolutionProperties) = preSolution
    HideSolutionNode = FALSE
  EndGlobalSection
  GlobalSection(NestedProjects) = preSolution
    {AFAE7B9D-A464-408B-B3F7-40BCA0F5FA11} = {E6804802-3416-4223-92CD-12B350ADCBF6}
    {54845A61-CB13-4B26-82E2-45AFEC4836D4} = {E6804802-3416-4223-92CD-12B350ADCBF6}
    {DC4B4FAD-C380-4F1E-9916-01D72C086112} = {A42B1288-6E03-4461-89AF-992C53858FCE}
    {EE542E0A-21AE-4944-A355-25AC6C2D8652} = {DC4B4FAD-C380-4F1E-9916-01D72C086112}
    {AACF455B-C8CB-4033-BA3B-F0C87326835C} = {DC4B4FAD-C380-4F1E-9916-01D72C086112}
    {86B10300-5C83-4584-9A0D-4AD83B329F42} = {A42B1288-6E03-4461-89AF-992C53858FCE}
    {72D23525-0519-4655-8BC5-E9158CD27E10} = {86B10300-5C83-4584-9A0D-4AD83B329F42}
    {9F66FFF6-E802-4495-AAD8-5199FF7BACB2} = {86B10300-5C83-4584-9A0D-4AD83B329F42}
    {3475DA24-0233-4B56-BE6A-3A5CA3B6010A} = {E6804802-3416-4223-92CD-12B350ADCBF6}
    {2F0AC891-A63E-4467-ADE4-73251BB8AF59} = {A42B1288-6E03-4461-89AF-992C53858FCE}
    {143DE5FA-114E-46D4-B9B9-11B57FB3546C} = {2F0AC891-A63E-4467-ADE4-73251BB8AF59}
    {4F113940-017F-4468-ACCD-AF3781B98BA1} = {2F0AC891-A63E-4467-ADE4-73251BB8AF59}
    {119E0731-0006-403D-B6EB-07917562FD81} = {2F0AC891-A63E-4467-ADE4-73251BB8AF59}
    {D7B4C2FD-50BB-4DEE-AC8C-4FCCC4685CD4} = {E6804802-3416-4223-92CD-12B350ADCBF6}
  EndGlobalSection
EndGlobal
